Microsoft Visual Studio Solution File, Format Version 12.00
# Visual Studio Version 17
VisualStudioVersion = 17.5.2.0
MinimumVisualStudioVersion = 10.0.40219.1
Project("{FAE04EC0-301F-11D3-BF4B-00C04F79EFBC}") = "DonateLife.Web", "DonateLife.Web.csproj", "{224B6A4C-0220-6FB0-9914-5BB57AF58E72}"
EndProject
Global
	GlobalSection(SolutionConfigurationPlatforms) = preSolution
		Debug|Any CPU = Debug|Any CPU
		Release|Any CPU = Release|Any CPU
	EndGlobalSection
	GlobalSection(ProjectConfigurationPlatforms) = postSolution
		{224B6A4C-0220-6FB0-9914-5BB57AF58E72}.Debug|Any CPU.ActiveCfg = Debug|Any CPU
		{224B6A4C-0220-6FB0-9914-5BB57AF58E72}.Debug|Any CPU.Build.0 = Debug|Any CPU
		{224B6A4C-0220-6FB0-9914-5BB57AF58E72}.Release|Any CPU.ActiveCfg = Release|Any CPU
		{224B6A4C-0220-6FB0-9914-5BB57AF58E72}.Release|Any CPU.Build.0 = Release|Any CPU
	EndGlobalSection
	GlobalSection(SolutionProperties) = preSolution
		HideSolutionNode = FALSE
	EndGlobalSection
	GlobalSection(ExtensibilityGlobals) = postSolution
		SolutionGuid = {AD96A060-3DE2-435D-8A91-1243EE594B7B}
	EndGlobalSection
EndGlobal
